
Microsoft Visual Studio Solution File, Format Version 12.00
# Visual Studio Version 17
VisualStudioVersion = 17.2.32630.192
MinimumVisualStudioVersion = 10.0.40219.1
Project("{FAE04EC0-301F-11D3-BF4B-00C04F79EFBC}") = "HomeWork1", "HomeWork1\HomeWork1.csproj", "{B9D78828-52DD-4CB0-B43F-96BD4290859E}"
EndProject
Project("{FAE04EC0-301F-11D3-BF4B-00C04F79EFBC}") = "HomeWork2", "HomeWork2\HomeWork2.csproj", "{50B45FDF-F19A-4F94-9EB1-B4C26F21E2A1}"
EndProject
Project("{FAE04EC0-301F-11D3-BF4B-00C04F79EFBC}") = "HomeWorkHelpers", "HomeWorkHelpers\HomeWorkHelpers.csproj", "{529B0D63-3157-4A2F-8C5D-3C112A3D9EB9}"
EndProject
Project("{FAE04EC0-301F-11D3-BF4B-00C04F79EFBC}") = "HomeWork3", "HomeWork3\HomeWork3.csproj", "{32F1C209-C88A-486E-AD0F-01C8C8D5548A}"
EndProject
Project("{FAE04EC0-301F-11D3-BF4B-00C04F79EFBC}") = "HomeWork4", "HomeWork4\HomeWork4.csproj", "{873AC0AA-9AE8-4A17-965D-C4DF80A8796F}"
EndProject
Project("{FAE04EC0-301F-11D3-BF4B-00C04F79EFBC}") = "MyArray", "MyArray\MyArray.csproj", "{53B3260C-4BC6-4CFE-98F1-4C8540CE23DD}"
EndProject
Project("{FAE04EC0-301F-11D3-BF4B-00C04F79EFBC}") = "HomeWork5", "HomeWork5\HomeWork5.csproj", "{20C6CF63-E8B8-438B-AEA7-4FBAEF5C766F}"
EndProject
Project("{FAE04EC0-301F-11D3-BF4B-00C04F79EFBC}") = "HomeWork6", "HomeWork6\HomeWork6.csproj", "{50CD0ED9-288D-4D30-A5D7-71D87771A55F}"
EndProject
Project("{FAE04EC0-301F-11D3-BF4B-00C04F79EFBC}") = "HomeWork7", "HomeWork7\HomeWork7.csproj", "{2C61F32D-742D-434B-8494-7F1BBA6F7F9B}"
EndProject
Project("{FAE04EC0-301F-11D3-BF4B-00C04F79EFBC}") = "HomeWork8.1", "HomeWork8.1\HomeWork8.1.csproj", "{DE022315-5C0C-4ADF-9F05-F4C68C3D151E}"
EndProject
Project("{FAE04EC0-301F-11D3-BF4B-00C04F79EFBC}") = "HomeWork8.2", "HomeWork8.2\HomeWork8.2.csproj", "{E8B3DA7C-61A8-4E10-83A7-B0B1F44F4D88}"
EndProject
Global
	GlobalSection(SolutionConfigurationPlatforms) = preSolution
		Debug|Any CPU = Debug|Any CPU
		Release|Any CPU = Release|Any CPU
	EndGlobalSection
	GlobalSection(ProjectConfigurationPlatforms) = postSolution
		{B9D78828-52DD-4CB0-B43F-96BD4290859E}.Debug|Any CPU.ActiveCfg = Debug|Any CPU
		{B9D78828-52DD-4CB0-B43F-96BD4290859E}.Debug|Any CPU.Build.0 = Debug|Any CPU
		{B9D78828-52DD-4CB0-B43F-96BD4290859E}.Release|Any CPU.ActiveCfg = Release|Any CPU
		{B9D78828-52DD-4CB0-B43F-96BD4290859E}.Release|Any CPU.Build.0 = Release|Any CPU
		{50B45FDF-F19A-4F94-9EB1-B4C26F21E2A1}.Debug|Any CPU.ActiveCfg = Debug|Any CPU
		{50B45FDF-F19A-4F94-9EB1-B4C26F21E2A1}.Debug|Any CPU.Build.0 = Debug|Any CPU
		{50B45FDF-F19A-4F94-9EB1-B4C26F21E2A1}.Release|Any CPU.ActiveCfg = Release|Any CPU
		{50B45FDF-F19A-4F94-9EB1-B4C26F21E2A1}.Release|Any CPU.Build.0 = Release|Any CPU
		{529B0D63-3157-4A2F-8C5D-3C112A3D9EB9}.Debug|Any CPU.ActiveCfg = Debug|Any CPU
		{529B0D63-3157-4A2F-8C5D-3C112A3D9EB9}.Debug|Any CPU.Build.0 = Debug|Any CPU
		{529B0D63-3157-4A2F-8C5D-3C112A3D9EB9}.Release|Any CPU.ActiveCfg = Release|Any CPU
		{529B0D63-3157-4A2F-8C5D-3C112A3D9EB9}.Release|Any CPU.Build.0 = Release|Any CPU
		{32F1C209-C88A-486E-AD0F-01C8C8D5548A}.Debug|Any CPU.ActiveCfg = Debug|Any CPU
		{32F1C209-C88A-486E-AD0F-01C8C8D5548A}.Debug|Any CPU.Build.0 = Debug|Any CPU
		{32F1C209-C88A-486E-AD0F-01C8C8D5548A}.Release|Any CPU.ActiveCfg = Release|Any CPU
		{32F1C209-C88A-486E-AD0F-01C8C8D5548A}.Release|Any CPU.Build.0 = Release|Any CPU
		{873AC0AA-9AE8-4A17-965D-C4DF80A8796F}.Debug|Any CPU.ActiveCfg = Debug|Any CPU
		{873AC0AA-9AE8-4A17-965D-C4DF80A8796F}.Debug|Any CPU.Build.0 = Debug|Any CPU
		{873AC0AA-9AE8-4A17-965D-C4DF80A8796F}.Release|Any CPU.ActiveCfg = Release|Any CPU
		{873AC0AA-9AE8-4A17-965D-C4DF80A8796F}.Release|Any CPU.Build.0 = Release|Any CPU
		{53B3260C-4BC6-4CFE-98F1-4C8540CE23DD}.Debug|Any CPU.ActiveCfg = Debug|Any CPU
		{53B3260C-4BC6-4CFE-98F1-4C8540CE23DD}.Debug|Any CPU.Build.0 = Debug|Any CPU
		{53B3260C-4BC6-4CFE-98F1-4C8540CE23DD}.Release|Any CPU.ActiveCfg = Release|Any CPU
		{53B3260C-4BC6-4CFE-98F1-4C8540CE23DD}.Release|Any CPU.Build.0 = Release|Any CPU
		{20C6CF63-E8B8-438B-AEA7-4FBAEF5C766F}.Debug|Any CPU.ActiveCfg = Debug|Any CPU
		{20C6CF63-E8B8-438B-AEA7-4FBAEF5C766F}.Debug|Any CPU.Build.0 = Debug|Any CPU
		{20C6CF63-E8B8-438B-AEA7-4FBAEF5C766F}.Release|Any CPU.ActiveCfg = Release|Any CPU
		{20C6CF63-E8B8-438B-AEA7-4FBAEF5C766F}.Release|Any CPU.Build.0 = Release|Any CPU
		{50CD0ED9-288D-4D30-A5D7-71D87771A55F}.Debug|Any CPU.ActiveCfg = Debug|Any CPU
		{50CD0ED9-288D-4D30-A5D7-71D87771A55F}.Debug|Any CPU.Build.0 = Debug|Any CPU
		{50CD0ED9-288D-4D30-A5D7-71D87771A55F}.Release|Any CPU.ActiveCfg = Release|Any CPU
		{50CD0ED9-288D-4D30-A5D7-71D87771A55F}.Release|Any CPU.Build.0 = Release|Any CPU
		{2C61F32D-742D-434B-8494-7F1BBA6F7F9B}.Debug|Any CPU.ActiveCfg = Debug|Any CPU
		{2C61F32D-742D-434B-8494-7F1BBA6F7F9B}.Debug|Any CPU.Build.0 = Debug|Any CPU
		{2C61F32D-742D-434B-8494-7F1BBA6F7F9B}.Release|Any CPU.ActiveCfg = Release|Any CPU
		{2C61F32D-742D-434B-8494-7F1BBA6F7F9B}.Release|Any CPU.Build.0 = Release|Any CPU
		{DE022315-5C0C-4ADF-9F05-F4C68C3D151E}.Debug|Any CPU.ActiveCfg = Debug|Any CPU
		{DE022315-5C0C-4ADF-9F05-F4C68C3D151E}.Debug|Any CPU.Build.0 = Debug|Any CPU
		{DE022315-5C0C-4ADF-9F05-F4C68C3D151E}.Release|Any CPU.ActiveCfg = Release|Any CPU
		{DE022315-5C0C-4ADF-9F05-F4C68C3D151E}.Release|Any CPU.Build.0 = Release|Any CPU
		{E8B3DA7C-61A8-4E10-83A7-B0B1F44F4D88}.Debug|Any CPU.ActiveCfg = Debug|Any CPU
		{E8B3DA7C-61A8-4E10-83A7-B0B1F44F4D88}.Debug|Any CPU.Build.0 = Debug|Any CPU
		{E8B3DA7C-61A8-4E10-83A7-B0B1F44F4D88}.Release|Any CPU.ActiveCfg = Release|Any CPU
		{E8B3DA7C-61A8-4E10-83A7-B0B1F44F4D88}.Release|Any CPU.Build.0 = Release|Any CPU
	EndGlobalSection
	GlobalSection(SolutionProperties) = preSolution
		HideSolutionNode = FALSE
	EndGlobalSection
	GlobalSection(ExtensibilityGlobals) = postSolution
		SolutionGuid = {F37BDEA1-2E47-4628-B64C-B48EE8ADA127}
	EndGlobalSection
EndGlobal
